// !$*UTF8*$!
{
	archiveVersion = 1;
	classes = {
	};
	objectVersion = 48;
	objects = {

/* Begin PBXBuildFile section */
		A0AB69C020942B3400655D8B /* AppDelegate.swift in Sources */ = {isa = PBXBuildFile; fileRef = A0AB69BF20942B3400655D8B /* AppDelegate.swift */; };
		A0AB69C520942B3400655D8B /* Main.storyboard in Resources */ = {isa = PBXBuildFile; fileRef = A0AB69C320942B3400655D8B /* Main.storyboard */; };
		A0AB69C820942B3400655D8B /* shitBitMyVersion.xcdatamodeld in Sources */ = {isa = PBXBuildFile; fileRef = A0AB69C620942B3400655D8B /* shitBitMyVersion.xcdatamodeld */; };
		A0AB69CA20942B3400655D8B /* Assets.xcassets in Resources */ = {isa = PBXBuildFile; fileRef = A0AB69C920942B3400655D8B /* Assets.xcassets */; };
		A0AB69CD20942B3400655D8B /* LaunchScreen.storyboard in Resources */ = {isa = PBXBuildFile; fileRef = A0AB69CB20942B3400655D8B /* LaunchScreen.storyboard */; };
		A0AB69DA20942CBC00655D8B /* ViewController.swift in Sources */ = {isa = PBXBuildFile; fileRef = A0AB69D920942CBC00655D8B /* ViewController.swift */; };
		FFE9717A20B3C0F20047ADA5 /* Soft Marshmallow.otf in Resources */ = {isa = PBXBuildFile; fileRef = FFE9717920B3C0F10047ADA5 /* Soft Marshmallow.otf */; };
		FFE9717D20B3C2180047ADA5 /* Poop_Emoji_7b204f05-eec6-4496-91b1-351acc03d2c7_large.png in Resources */ = {isa = PBXBuildFile; fileRef = FFE9717B20B3C2180047ADA5 /* Poop_Emoji_7b204f05-eec6-4496-91b1-351acc03d2c7_large.png */; };
		FFE9717E20B3C2180047ADA5 /* 33037614_1507804879331640_8462329687706697728_n.png in Resources */ = {isa = PBXBuildFile; fileRef = FFE9717C20B3C2180047ADA5 /* 33037614_1507804879331640_8462329687706697728_n.png */; };
/* End PBXBuildFile section */

/* Begin PBXFileReference section */
		A0AB69BC20942B3400655D8B /* S.H.I.Tbit.app */ = {isa = PBXFileReference; explicitFileType = wrapper.application; includeInIndex = 0; path = S.H.I.Tbit.app; sourceTree = BUILT_PRODUCTS_DIR; };
		A0AB69BF20942B3400655D8B /* AppDelegate.swift */ = {isa = PBXFileReference; lastKnownFileType = sourcecode.swift; path = AppDelegate.swift; sourceTree = "<group>"; };
		A0AB69C420942B3400655D8B /* Base */ = {isa = PBXFileReference; lastKnownFileType = file.storyboard; name = Base; path = Base.lproj/Main.storyboard; sourceTree = "<group>"; };
		A0AB69C720942B3400655D8B /* shitBitMyVersion.xcdatamodel */ = {isa = PBXFileReference; lastKnownFileType = wrapper.xcdatamodel; path = shitBitMyVersion.xcdatamodel; sourceTree = "<group>"; };
		A0AB69C920942B3400655D8B /* Assets.xcassets */ = {isa = PBXFileReference; lastKnownFileType = folder.assetcatalog; path = Assets.xcassets; sourceTree = "<group>"; };
		A0AB69CC20942B3400655D8B /* Base */ = {isa = PBXFileReference; lastKnownFileType = file.storyboard; name = Base; path = Base.lproj/LaunchScreen.storyboard; sourceTree = "<group>"; };
		A0AB69CE20942B3400655D8B /* Info.plist */ = {isa = PBXFileReference; lastKnownFileType = text.plist.xml; path = Info.plist; sourceTree = "<group>"; };
		A0AB69D920942CBC00655D8B /* ViewController.swift */ = {isa = PBXFileReference; lastKnownFileType = sourcecode.swift; path = ViewController.swift; sourceTree = "<group>"; };
		FFE9717920B3C0F10047ADA5 /* Soft Marshmallow.otf */ = {isa = PBXFileReference; lastKnownFileType = file; name = "Soft Marshmallow.otf"; path = "../../../Downloads/soft_marshmallow/Soft Marshmallow.otf"; sourceTree = "<group>"; };
		FFE9717B20B3C2180047ADA5 /* Poop_Emoji_7b204f05-eec6-4496-91b1-351acc03d2c7_large.png */ = {isa = PBXFileReference; lastKnownFileType = image.png; name = "Poop_Emoji_7b204f05-eec6-4496-91b1-351acc03d2c7_large.png"; path = "../../../Downloads/Poop_Emoji_7b204f05-eec6-4496-91b1-351acc03d2c7_large.png"; sourceTree = "<group>"; };
		FFE9717C20B3C2180047ADA5 /* 33037614_1507804879331640_8462329687706697728_n.png */ = {isa = PBXFileReference; lastKnownFileType = image.png; name = 33037614_1507804879331640_8462329687706697728_n.png; path = ../../../Downloads/33037614_1507804879331640_8462329687706697728_n.png; sourceTree = "<group>"; };
/* End PBXFileReference section */

/* Begin PBXFrameworksBuildPhase section */
		A0AB69B920942B3400655D8B /* Frameworks */ = {
			isa = PBXFrameworksBuildPhase;
			buildActionMask = 2147483647;
			files = (
			);
			runOnlyForDeploymentPostprocessing = 0;
		};
/* End PBXFrameworksBuildPhase section */

/* Begin PBXGroup section */
		A0AB69B320942B3400655D8B = {
			isa = PBXGroup;
			children = (
				A0AB69BE20942B3400655D8B /* shitBitMyVersion */,
				A0AB69BD20942B3400655D8B /* Products */,
			);
			sourceTree = "<group>";
		};
		A0AB69BD20942B3400655D8B /* Products */ = {
			isa = PBXGroup;
			children = (
				A0AB69BC20942B3400655D8B /* S.H.I.Tbit.app */,
			);
			name = Products;
			sourceTree = "<group>";
		};
		A0AB69BE20942B3400655D8B /* shitBitMyVersion */ = {
			isa = PBXGroup;
			children = (
				A0AB69BF20942B3400655D8B /* AppDelegate.swift */,
				A0AB69C320942B3400655D8B /* Main.storyboard */,
				FFE9717C20B3C2180047ADA5 /* 33037614_1507804879331640_8462329687706697728_n.png */,
				FFE9717B20B3C2180047ADA5 /* Poop_Emoji_7b204f05-eec6-4496-91b1-351acc03d2c7_large.png */,
				FFE9717920B3C0F10047ADA5 /* Soft Marshmallow.otf */,
				A0AB69D920942CBC00655D8B /* ViewController.swift */,
				A0AB69C920942B3400655D8B /* Assets.xcassets */,
				A0AB69CB20942B3400655D8B /* LaunchScreen.storyboard */,
				A0AB69CE20942B3400655D8B /* Info.plist */,
				A0AB69C620942B3400655D8B /* shitBitMyVersion.xcdatamodeld */,
			);
			path = shitBitMyVersion;
			sourceTree = "<group>";
		};
/* End PBXGroup section */

/* Begin PBXNativeTarget section */
		A0AB69BB20942B3400655D8B /* S.H.I.Tbit */ = {
			isa = PBXNativeTarget;
			buildConfigurationList = A0AB69D120942B3400655D8B /* Build configuration list for PBXNativeTarget "S.H.I.Tbit" */;
			buildPhases = (
				A0AB69B820942B3400655D8B /* Sources */,
				A0AB69B920942B3400655D8B /* Frameworks */,
				A0AB69BA20942B3400655D8B /* Resources */,
			);
			buildRules = (
			);
			dependencies = (
			);
			name = S.H.I.Tbit;
			productName = shitBitMyVersion;
			productReference = A0AB69BC20942B3400655D8B /* S.H.I.Tbit.app */;
			productType = "com.apple.product-type.application";
		};
/* End PBXNativeTarget section */

/* Begin PBXProject section */
		A0AB69B420942B3400655D8B /* Project object */ = {
			isa = PBXProject;
			attributes = {
				LastSwiftUpdateCheck = 0920;
				LastUpgradeCheck = 0930;
				ORGANIZATIONNAME = M117;
				TargetAttributes = {
					A0AB69BB20942B3400655D8B = {
						CreatedOnToolsVersion = 9.2;
						ProvisioningStyle = Automatic;
					};
				};
			};
			buildConfigurationList = A0AB69B720942B3400655D8B /* Build configuration list for PBXProject "S.H.I.Tbit" */;
			compatibilityVersion = "Xcode 8.0";
			developmentRegion = en;
			hasScannedForEncodings = 0;
			knownRegions = (
				en,
				Base,
			);
			mainGroup = A0AB69B320942B3400655D8B;
			productRefGroup = A0AB69BD20942B3400655D8B /* Products */;
			projectDirPath = "";
			projectRoot = "";
			targets = (
				A0AB69BB20942B3400655D8B /* S.H.I.Tbit */,
			);
		};
/* End PBXProject section */

/* Begin PBXResourcesBuildPhase section */
		A0AB69BA20942B3400655D8B /* Resources */ = {
			isa = PBXResourcesBuildPhase;
			buildActionMask = 2147483647;
			files = (
				A0AB69CD20942B3400655D8B /* LaunchScreen.storyboard in Resources */,
				A0AB69CA20942B3400655D8B /* Assets.xcassets in Resources */,
				FFE9717D20B3C2180047ADA5 /* Poop_Emoji_7b204f05-eec6-4496-91b1-351acc03d2c7_large.png in Resources */,
				FFE9717E20B3C2180047ADA5 /* 33037614_1507804879331640_8462329687706697728_n.png in Resources */,
				FFE9717A20B3C0F20047ADA5 /* Soft Marshmallow.otf in Resources */,
				A0AB69C520942B3400655D8B /* Main.storyboard in Resources */,
			);
			runOnlyForDeploymentPostprocessing = 0;
		};
/* End PBXResourcesBuildPhase section */

/* Begin PBXSourcesBuildPhase section */
		A0AB69B820942B3400655D8B /* Sources */ = {
			isa = PBXSourcesBuildPhase;
			buildActionMask = 2147483647;
			files = (
				A0AB69DA20942CBC00655D8B /* ViewController.swift in Sources */,
				A0AB69C820942B3400655D8B /* shitBitMyVersion.xcdatamodeld in Sources */,
				A0AB69C020942B3400655D8B /* AppDelegate.swift in Sources */,
			);
			runOnlyForDeploymentPostprocessing = 0;
		};
/* End PBXSourcesBuildPhase section */

/* Begin PBXVariantGroup section */
		A0AB69C320942B3400655D8B /* Main.storyboard */ = {
			isa = PBXVariantGroup;
			children = (
				A0AB69C420942B3400655D8B /* Base */,
			);
			name = Main.storyboard;
			sourceTree = "<group>";
		};
		A0AB69CB20942B3400655D8B /* LaunchScreen.storyboard */ = {
			isa = PBXVariantGroup;
			children = (
				A0AB69CC20942B3400655D8B /* Base */,
			);
			name = LaunchScreen.storyboard;
			sourceTree = "<group>";
		};
/* End PBXVariantGroup section */

/* Begin XCBuildConfiguration section */
		A0AB69CF20942B3400655D8B /* Debug */ = {
			isa = XCBuildConfiguration;
			buildSettings = {
				ALWAYS_SEARCH_USER_PATHS = NO;
				CLANG_ANALYZER_NONNULL = YES;
				CLANG_ANALYZER_NUMBER_OBJECT_CONVERSION = YES_AGGRESSIVE;
				CLANG_CXX_LANGUAGE_STANDARD = "gnu++14";
				CLANG_CXX_LIBRARY = "libc++";
				CLANG_ENABLE_MODULES = YES;
				CLANG_ENABLE_OBJC_ARC = YES;
				CLANG_WARN_BLOCK_CAPTURE_AUTORELEASING = YES;
				CLANG_WARN_BOOL_CONVERSION = YES;
				CLANG_WARN_COMMA = YES;
				CLANG_WARN_CONSTANT_CONVERSION = YES;
				CLANG_WARN_DEPRECATED_OBJC_IMPLEMENTATIONS = YES;
				CLANG_WARN_DIRECT_OBJC_ISA_USAGE = YES_ERROR;
				CLANG_WARN_DOCUMENTATION_COMMENTS = YES;
				CLANG_WARN_EMPTY_BODY = YES;
				CLANG_WARN_ENUM_CONVERSION = YES;
				CLANG_WARN_INFINITE_RECURSION = YES;
				CLANG_WARN_INT_CONVERSION = YES;
				CLANG_WARN_NON_LITERAL_NULL_CONVERSION = YES;
				CLANG_WARN_OBJC_IMPLICIT_RETAIN_SELF = YES;
				CLANG_WARN_OBJC_LITERAL_CONVERSION = YES;
				CLANG_WARN_OBJC_ROOT_CLASS = YES_ERROR;
				CLANG_WARN_RANGE_LOOP_ANALYSIS = YES;
				CLANG_WARN_STRICT_PROTOTYPES = YES;
				CLANG_WARN_SUSPICIOUS_MOVE = YES;
				CLANG_WARN_UNGUARDED_AVAILABILITY = YES_AGGRESSIVE;
				CLANG_WARN_UNREACHABLE_CODE = YES;
				CLANG_WARN__DUPLICATE_METHOD_MATCH = YES;
				CODE_SIGN_IDENTITY = "iPhone Developer";
				COPY_PHASE_STRIP = NO;
				DEBUG_INFORMATION_FORMAT = dwarf;
				ENABLE_STRICT_OBJC_MSGSEND = YES;
				ENABLE_TESTABILITY = YES;
				GCC_C_LANGUAGE_STANDARD = gnu11;
				GCC_DYNAMIC_NO_PIC = NO;
				GCC_NO_COMMON_BLOCKS = YES;
				GCC_OPTIMIZATION_LEVEL = 0;
				GCC_PREPROCESSOR_DEFINITIONS = (
					"DEBUG=1",
					"$(inherited)",
				);
				GCC_WARN_64_TO_32_BIT_CONVERSION = YES;
				GCC_WARN_ABOUT_RETURN_TYPE = YES_ERROR;
				GCC_WARN_UNDECLARED_SELECTOR = YES;
				GCC_WARN_UNINITIALIZED_AUTOS = YES_AGGRESSIVE;
				GCC_WARN_UNUSED_FUNCTION = YES;
				GCC_WARN_UNUSED_VARIABLE = YES;
				IPHONEOS_DEPLOYMENT_TARGET = 11.2;
				MTL_ENABLE_DEBUG_INFO = YES;
				ONLY_ACTIVE_ARCH = YES;
				SDKROOT = iphoneos;
				SWIFT_ACTIVE_COMPILATION_CONDITIONS = DEBUG;
				SWIFT_OPTIMIZATION_LEVEL = "-Onone";
			};
			name = Debug;
		};
		A0AB69D020942B3400655D8B /* Release */ = {
			isa = XCBuildConfiguration;
			buildSettings = {
				ALWAYS_SEARCH_USER_PATHS = NO;
				CLANG_ANALYZER_NONNULL = YES;
				CLANG_ANALYZER_NUMBER_OBJECT_CONVERSION = YES_AGGRESSIVE;
				CLANG_CXX_LANGUAGE_STANDARD = "gnu++14";
				CLANG_CXX_LIBRARY = "libc++";
				CLANG_ENABLE_MODULES = YES;
				CLANG_ENABLE_OBJC_ARC = YES;
				CLANG_WARN_BLOCK_CAPTURE_AUTORELEASING = YES;
				CLANG_WARN_BOOL_CONVERSION = YES;
				CLANG_WARN_COMMA = YES;
				CLANG_WARN_CONSTANT_CONVERSION = YES;
				CLANG_WARN_DEPRECATED_OBJC_IMPLEMENTATIONS = YES;
				CLANG_WARN_DIRECT_OBJC_ISA_USAGE = YES_ERROR;
				CLANG_WARN_DOCUMENTATION_COMMENTS = YES;
				CLANG_WARN_EMPTY_BODY = YES;
				CLANG_WARN_ENUM_CONVERSION = YES;
				CLANG_WARN_INFINITE_RECURSION = YES;
				CLANG_WARN_INT_CONVERSION = YES;
				CLANG_WARN_NON_LITERAL_NULL_CONVERSION = YES;
				CLANG_WARN_OBJC_IMPLICIT_RETAIN_SELF = YES;
				CLANG_WARN_OBJC_LITERAL_CONVERSION = YES;
				CLANG_WARN_OBJC_ROOT_CLASS = YES_ERROR;
				CLANG_WARN_RANGE_LOOP_ANALYSIS = YES;
				CLANG_WARN_STRICT_PROTOTYPES = YES;
				CLANG_WARN_SUSPICIOUS_MOVE = YES;
				CLANG_WARN_UNGUARDED_AVAILABILITY = YES_AGGRESSIVE;
				CLANG_WARN_UNREACHABLE_CODE = YES;
				CLANG_WARN__DUPLICATE_METHOD_MATCH = YES;
				CODE_SIGN_IDENTITY = "iPhone Developer";
				COPY_PHASE_STRIP = NO;
				DEBUG_INFORMATION_FORMAT = "dwarf-with-dsym";
				ENABLE_NS_ASSERTIONS = NO;
				ENABLE_STRICT_OBJC_MSGSEND = YES;
				GCC_C_LANGUAGE_STANDARD = gnu11;
				GCC_NO_COMMON_BLOCKS = YES;
				GCC_WARN_64_TO_32_BIT_CONVERSION = YES;
				GCC_WARN_ABOUT_RETURN_TYPE = YES_ERROR;
				GCC_WARN_UNDECLARED_SELECTOR = YES;
				GCC_WARN_UNINITIALIZED_AUTOS = YES_AGGRESSIVE;
				GCC_WARN_UNUSED_FUNCTION = YES;
				GCC_WARN_UNUSED_VARIABLE = YES;
				IPHONEOS_DEPLOYMENT_TARGET = 11.2;
				MTL_ENABLE_DEBUG_INFO = NO;
				SDKROOT = iphoneos;
				SWIFT_OPTIMIZATION_LEVEL = "-Owholemodule";
				VALIDATE_PRODUCT = YES;
			};
			name = Release;
		};
		A0AB69D220942B3400655D8B /* Debug */ = {
			isa = XCBuildConfiguration;
			buildSettings = {
				ASSETCATALOG_COMPILER_APPICON_NAME = AppIcon;
				CODE_SIGN_STYLE = Automatic;
				DEVELOPMENT_TEAM = JH4BA2VBX8;
				INFOPLIST_FILE = shitBitMyVersion/Info.plist;
				IPHONEOS_DEPLOYMENT_TARGET = 11.2;
				LD_RUNPATH_SEARCH_PATHS = "$(inherited) @executable_path/Frameworks";
				PRODUCT_BUNDLE_IDENTIFIER = com.shitBitMyVersion;
				PRODUCT_NAME = "$(TARGET_NAME)";
				SWIFT_VERSION = 4.0;
				TARGETED_DEVICE_FAMILY = "1,2";
			};
			name = Debug;
		};
		A0AB69D320942B3400655D8B /* Release */ = {
			isa = XCBuildConfiguration;
			buildSettings = {
				ASSETCATALOG_COMPILER_APPICON_NAME = AppIcon;
				CODE_SIGN_STYLE = Automatic;
				DEVELOPMENT_TEAM = JH4BA2VBX8;
				INFOPLIST_FILE = shitBitMyVersion/Info.plist;
				IPHONEOS_DEPLOYMENT_TARGET = 11.2;
				LD_RUNPATH_SEARCH_PATHS = "$(inherited) @executable_path/Frameworks";
				PRODUCT_BUNDLE_IDENTIFIER = com.shitBitMyVersion;
				PRODUCT_NAME = "$(TARGET_NAME)";
				SWIFT_VERSION = 4.0;
				TARGETED_DEVICE_FAMILY = "1,2";
			};
			name = Release;
		};
/* End XCBuildConfiguration section */

/* Begin XCConfigurationList section */
		A0AB69B720942B3400655D8B /* Build configuration list for PBXProject "S.H.I.Tbit" */ = {
			isa = XCConfigurationList;
			buildConfigurations = (
				A0AB69CF20942B3400655D8B /* Debug */,
				A0AB69D020942B3400655D8B /* Release */,
			);
			defaultConfigurationIsVisible = 0;
			defaultConfigurationName = Release;
		};
		A0AB69D120942B3400655D8B /* Build configuration list for PBXNativeTarget "S.H.I.Tbit" */ = {
			isa = XCConfigurationList;
			buildConfigurations = (
				A0AB69D220942B3400655D8B /* Debug */,
				A0AB69D320942B3400655D8B /* Release */,
			);
			defaultConfigurationIsVisible = 0;
			defaultConfigurationName = Release;
		};
/* End XCConfigurationList section */

/* Begin XCVersionGroup section */
		A0AB69C620942B3400655D8B /* shitBitMyVersion.xcdatamodeld */ = {
			isa = XCVersionGroup;
			children = (
				A0AB69C720942B3400655D8B /* shitBitMyVersion.xcdatamodel */,
			);
			currentVersion = A0AB69C720942B3400655D8B /* shitBitMyVersion.xcdatamodel */;
			path = shitBitMyVersion.xcdatamodeld;
			sourceTree = "<group>";
			versionGroupType = wrapper.xcdatamodel;
		};
/* End XCVersionGroup section */
	};
	rootObject = A0AB69B420942B3400655D8B /* Project object */;
}
